
Microsoft Visual Studio Solution File, Format Version 12.00
# Visual Studio 2012
Project("{FAE04EC0-301F-11D3-BF4B-00C04F79EFBC}") = "DpfsLinkTestApplication", "DpfsLinkTestApplication\DpfsLinkTestApplication.csproj", "{D03938D8-2BE0-432B-A38E-46FABE0EE73D}"
EndProject
Project("{FAE04EC0-301F-11D3-BF4B-00C04F79EFBC}") = "SimpleSocketCS", "SimpleSocketCS\SimpleSocketCS.csproj", "{381B6CAF-9DEA-4EB3-8381-4FB8ABB91E3E}"
EndProject
Project("{FAE04EC0-301F-11D3-BF4B-00C04F79EFBC}") = "ClientSocket", "ClientSocket\ClientSocket.csproj", "{AB2F49FA-E0D3-4236-A69B-AFEF89974319}"
EndProject
Project("{FAE04EC0-301F-11D3-BF4B-00C04F79EFBC}") = "ProtocolHeaderDefinition", "ProtocolHeaderDefinition\ProtocolHeaderDefinition.csproj", "{4033838C-5A8F-45C3-AD12-22E2F7B21F36}"
EndProject
Global
	GlobalSection(SolutionConfigurationPlatforms) = preSolution
		Debug|Any CPU = Debug|Any CPU
		Release|Any CPU = Release|Any CPU
	EndGlobalSection
	GlobalSection(ProjectConfigurationPlatforms) = postSolution
		{D03938D8-2BE0-432B-A38E-46FABE0EE73D}.Debug|Any CPU.ActiveCfg = Debug|Any CPU
		{D03938D8-2BE0-432B-A38E-46FABE0EE73D}.Debug|Any CPU.Build.0 = Debug|Any CPU
		{D03938D8-2BE0-432B-A38E-46FABE0EE73D}.Release|Any CPU.ActiveCfg = Release|Any CPU
		{D03938D8-2BE0-432B-A38E-46FABE0EE73D}.Release|Any CPU.Build.0 = Release|Any CPU
		{381B6CAF-9DEA-4EB3-8381-4FB8ABB91E3E}.Debug|Any CPU.ActiveCfg = Debug|Any CPU
		{381B6CAF-9DEA-4EB3-8381-4FB8ABB91E3E}.Debug|Any CPU.Build.0 = Debug|Any CPU
		{381B6CAF-9DEA-4EB3-8381-4FB8ABB91E3E}.Release|Any CPU.ActiveCfg = Release|Any CPU
		{381B6CAF-9DEA-4EB3-8381-4FB8ABB91E3E}.Release|Any CPU.Build.0 = Release|Any CPU
		{AB2F49FA-E0D3-4236-A69B-AFEF89974319}.Debug|Any CPU.ActiveCfg = Debug|Any CPU
		{AB2F49FA-E0D3-4236-A69B-AFEF89974319}.Debug|Any CPU.Build.0 = Debug|Any CPU
		{AB2F49FA-E0D3-4236-A69B-AFEF89974319}.Release|Any CPU.ActiveCfg = Release|Any CPU
		{AB2F49FA-E0D3-4236-A69B-AFEF89974319}.Release|Any CPU.Build.0 = Release|Any CPU
		{4033838C-5A8F-45C3-AD12-22E2F7B21F36}.Debug|Any CPU.ActiveCfg = Debug|Any CPU
		{4033838C-5A8F-45C3-AD12-22E2F7B21F36}.Debug|Any CPU.Build.0 = Debug|Any CPU
		{4033838C-5A8F-45C3-AD12-22E2F7B21F36}.Release|Any CPU.ActiveCfg = Release|Any CPU
		{4033838C-5A8F-45C3-AD12-22E2F7B21F36}.Release|Any CPU.Build.0 = Release|Any CPU
	EndGlobalSection
	GlobalSection(SolutionProperties) = preSolution
		HideSolutionNode = FALSE
	EndGlobalSection
EndGlobal
